
Microsoft Visual Studio Solution File, Format Version 12.00
# Visual Studio Version 16
VisualStudioVersion = 16.0.31911.196
MinimumVisualStudioVersion = 10.0.40219.1
Project("{FAE04EC0-301F-11D3-BF4B-00C04F79EFBC}") = "ChainOfResponsibilityDesignPattern", "ChainOfResponsibilityDesignPattern\ChainOfResponsibilityDesignPattern.csproj", "{DDC44C1E-5EB1-4D91-AE84-6A33B4FA11B4}"
EndProject
Global
	GlobalSection(SolutionConfigurationPlatforms) = preSolution
		Debug|Any CPU = Debug|Any CPU
		Release|Any CPU = Release|Any CPU
	EndGlobalSection
	GlobalSection(ProjectConfigurationPlatforms) = postSolution
		{DDC44C1E-5EB1-4D91-AE84-6A33B4FA11B4}.Debug|Any CPU.ActiveCfg = Debug|Any CPU
		{DDC44C1E-5EB1-4D91-AE84-6A33B4FA11B4}.Debug|Any CPU.Build.0 = Debug|Any CPU
		{DDC44C1E-5EB1-4D91-AE84-6A33B4FA11B4}.Release|Any CPU.ActiveCfg = Release|Any CPU
		{DDC44C1E-5EB1-4D91-AE84-6A33B4FA11B4}.Release|Any CPU.Build.0 = Release|Any CPU
	EndGlobalSection
	GlobalSection(SolutionProperties) = preSolution
		HideSolutionNode = FALSE
	EndGlobalSection
	GlobalSection(ExtensibilityGlobals) = postSolution
		SolutionGuid = {D6F2A5C7-306C-413C-B43B-AE1B8A6DCA76}
	EndGlobalSection
EndGlobal
